<?xml version="1.0" encoding="UTF-8"?>
<Scheme
   LastUpgradeVersion = "0640"
   version = "2.0">
   <BuildAction
      parallelizeBuildables = "YES"
      buildImplicitDependencies = "YES">
      <BuildActionEntries>
         <BuildActionEntry
            buildForTesting = "YES"
            buildForRunning = "YES"
            buildForProfiling = "YES"
            buildForArchiving = "YES"
            buildForAnalyzing = "YES">
            <BuildableReference
               BuildableIdentifier = "primary"
               BlueprintIdentifier = "79EBF6F61B8D3B1900499AD5"
               BuildableName = "Time for Apple Watch WatchKit App.app"
               BlueprintName = "Time for Apple Watch WatchKit App"
               ReferencedContainer = "container:Time for Apple Watch.xcodeproj">
            </BuildableReference>
         </BuildActionEntry>
         <BuildActionEntry
            buildForTesting = "YES"
            buildForRunning = "YES"
            buildForProfiling = "YES"
            buildForArchiving = "YES"
            buildForAnalyzing = "YES">
            <BuildableReference
               BuildableIdentifier = "primary"
               BlueprintIdentifier = "79EBF6BE1B8D39D300499AD5"
               BuildableName = "Time for Apple Watch.app"
               BlueprintName = "Time for Apple Watch"
               ReferencedContainer = "container:Time for Apple Watch.xcodeproj">
            </BuildableReference>
         </BuildActionEntry>
         <BuildActionEntry
            buildForTesting = "YES"
            buildForRunning = "YES"
            buildForProfiling = "YES"
            buildForArchiving = "YES"
            buildForAnalyzing = "YES">
            <BuildableReference
               BuildableIdentifier = "primary"
               BlueprintIdentifier = "79EBF6E71B8D3B1800499AD5"
               BuildableName = "Time for Apple Watch WatchKit Extension.appex"
               BlueprintName = "Time for Apple Watch WatchKit Extension"
               ReferencedContainer = "container:Time for Apple Watch.xcodeproj">
            </BuildableReference>
         </BuildActionEntry>
      </BuildActionEntries>
   </BuildAction>
   <TestAction
      selectedDebuggerIdentifier = "Xcode.DebuggerFoundation.Debugger.LLDB"
      selectedLauncherIdentifier = "Xcode.DebuggerFoundation.Launcher.LLDB"
      shouldUseLaunchSchemeArgsEnv = "YES"
      buildConfiguration = "Debug">
      <Testables>
      </Testables>
      <MacroExpansion>
         <BuildableReference
            BuildableIdentifier = "primary"
            BlueprintIdentifier = "79EBF6F61B8D3B1900499AD5"
            BuildableName = "Time for Apple Watch WatchKit App.app"
            BlueprintName = "Time for Apple Watch WatchKit App"
            ReferencedContainer = "container:Time for Apple Watch.xcodeproj">
         </BuildableReference>
      </MacroExpansion>
   </TestAction>
   <LaunchAction
      selectedDebuggerIdentifier = "Xcode.DebuggerFoundation.Debugger.LLDB"
      selectedLauncherIdentifier = "Xcode.DebuggerFoundation.Launcher.LLDB"
      launchStyle = "0"
      useCustomWorkingDirectory = "NO"
      buildConfiguration = "Debug"
      ignoresPersistentStateOnLaunch = "NO"
      debugDocumentVersioning = "YES"
      allowLocationSimulation = "YES"
      launchAutomaticallySubstyle = "8"
      notificationPayloadFile = "Time for Apple Watch WatchKit Extension/PushNotificationPayload.apns">
      <RemoteRunnable
         runnableDebuggingMode = "2"
         BundleIdentifier = "com.apple.springboard"
         RemotePath = "/Time for Apple Watch">
         <BuildableReference
            BuildableIdentifier = "primary"
            BlueprintIdentifier = "79EBF6F61B8D3B1900499AD5"
            BuildableName = "Time for Apple Watch WatchKit App.app"
            BlueprintName = "Time for Apple Watch WatchKit App"
            ReferencedContainer = "container:Time for Apple Watch.xcodeproj">
         </BuildableReference>
      </RemoteRunnable>
      <MacroExpansion>
         <BuildableReference
            BuildableIdentifier = "primary"
            BlueprintIdentifier = "79EBF6F61B8D3B1900499AD5"
            BuildableName = "Time for Apple Watch WatchKit App.app"
            BlueprintName = "Time for Apple Watch WatchKit App"
            ReferencedContainer = "container:Time for Apple Watch.xcodeproj">
         </BuildableReference>
      </MacroExpansion>
      <AdditionalOptions>
      </AdditionalOptions>
   </LaunchAction>
   <ProfileAction
      shouldUseLaunchSchemeArgsEnv = "YES"
      savedToolIdentifier = ""
      useCustomWorkingDirectory = "NO"
      buildConfiguration = "Release"
      debugDocumentVersioning = "YES"
      launchAutomaticallySubstyle = "8"
      notificationPayloadFile = "Time for Apple Watch WatchKit Extension/PushNotificationPayload.apns">
      <RemoteRunnable
         runnableDebuggingMode = "2"
         BundleIdentifier = "com.apple.springboard"
         RemotePath = "/Time for Apple Watch">
         <BuildableReference
            BuildableIdentifier = "primary"
            BlueprintIdentifier = "79EBF6F61B8D3B1900499AD5"
            BuildableName = "Time for Apple Watch WatchKit App.app"
            BlueprintName = "Time for Apple Watch WatchKit App"
            ReferencedContainer = "container:Time for Apple Watch.xcodeproj">
         </BuildableReference>
      </RemoteRunnable>
      <MacroExpansion>
         <BuildableReference
            BuildableIdentifier = "primary"
            BlueprintIdentifier = "79EBF6F61B8D3B1900499AD5"
            BuildableName = "Time for Apple Watch WatchKit App.app"
            BlueprintName = "Time for Apple Watch WatchKit App"
            ReferencedContainer = "container:Time for Apple Watch.xcodeproj">
         </BuildableReference>
      </MacroExpansion>
   </ProfileAction>
   <AnalyzeAction
      buildConfiguration = "Debug">
   </AnalyzeAction>
   <ArchiveAction
      buildConfiguration = "Release"
      revealArchiveInOrganizer = "YES">
   </ArchiveAction>
</Scheme>
